
Microsoft Visual Studio Solution File, Format Version 12.00
# Visual Studio Version 17
VisualStudioVersion = 17.3.32901.215
MinimumVisualStudioVersion = 10.0.40219.1
Project("{FAE04EC0-301F-11D3-BF4B-00C04F79EFBC}") = "Syeew", "Syeew\Syeew.csproj", "{65ED8801-0CCE-495B-B109-7707539590E9}"
EndProject
Global
	GlobalSection(SolutionConfigurationPlatforms) = preSolution
		Debug|Any CPU = Debug|Any CPU
		Release|Any CPU = Release|Any CPU
	EndGlobalSection
	GlobalSection(ProjectConfigurationPlatforms) = postSolution
		{65ED8801-0CCE-495B-B109-7707539590E9}.Debug|Any CPU.ActiveCfg = Debug|Any CPU
		{65ED8801-0CCE-495B-B109-7707539590E9}.Debug|Any CPU.Build.0 = Debug|Any CPU
		{65ED8801-0CCE-495B-B109-7707539590E9}.Release|Any CPU.ActiveCfg = Release|Any CPU
		{65ED8801-0CCE-495B-B109-7707539590E9}.Release|Any CPU.Build.0 = Release|Any CPU
	EndGlobalSection
	GlobalSection(SolutionProperties) = preSolution
		HideSolutionNode = FALSE
	EndGlobalSection
	GlobalSection(ExtensibilityGlobals) = postSolution
		SolutionGuid = {267E229F-5214-4FD9-9007-4056DDB4537A}
	EndGlobalSection
EndGlobal
